
Microsoft Visual Studio Solution File, Format Version 12.00
# Visual Studio Version 17
VisualStudioVersion = 17.0.31903.59
MinimumVisualStudioVersion = 10.0.40219.1
Project("{2150E333-8FDC-42A3-9474-1A3956D46DE8}") = "src", "src", "{827E0CD3-B72D-47B6-A68D-7590B98EB39B}"
EndProject
Project("{FAE04EC0-301F-11D3-BF4B-00C04F79EFBC}") = "AgencyOS.Domain", "src\AgencyOS.Domain\AgencyOS.Domain.csproj", "{30F9C420-FB4D-4FE6-8ED2-470542F78F7E}"
EndProject
Project("{FAE04EC0-301F-11D3-BF4B-00C04F79EFBC}") = "AgencyOS.Application", "src\AgencyOS.Application\AgencyOS.Application.csproj", "{7C78C3EB-FC66-4AF9-B7F7-ACA10C740918}"
EndProject
Project("{FAE04EC0-301F-11D3-BF4B-00C04F79EFBC}") = "AgencyOS.Contracts", "src\AgencyOS.Contracts\AgencyOS.Contracts.csproj", "{A31E3D4A-0521-471A-B981-4150C41AD8BD}"
EndProject
Project("{FAE04EC0-301F-11D3-BF4B-00C04F79EFBC}") = "AgencyOS.Infrastructure", "src\AgencyOS.Infrastructure\AgencyOS.Infrastructure.csproj", "{58232D89-7F0E-4490-883F-B428B459A321}"
EndProject
Project("{FAE04EC0-301F-11D3-BF4B-00C04F79EFBC}") = "AgencyOS.Api", "src\AgencyOS.Api\AgencyOS.Api.csproj", "{9C68CCA2-BAFE-4C2C-94D5-B68967A0A09C}"
EndProject
Project("{FAE04EC0-301F-11D3-BF4B-00C04F79EFBC}") = "AgencyOS.Windows", "src\AgencyOS.Windows\AgencyOS.Windows.csproj", "{F9D87242-2B8E-4D79-99DB-01178620C926}"
EndProject
Project("{2150E333-8FDC-42A3-9474-1A3956D46DE8}") = "tests", "tests", "{0AB3BF05-4346-4AA6-1389-037BE0695223}"
EndProject
Project("{FAE04EC0-301F-11D3-BF4B-00C04F79EFBC}") = "AgencyOS.Tests.Unit", "tests\AgencyOS.Tests.Unit\AgencyOS.Tests.Unit.csproj", "{0E07377F-4D3C-4DFF-B4F8-E58A0DB2EE3F}"
EndProject
Project("{FAE04EC0-301F-11D3-BF4B-00C04F79EFBC}") = "AgencyOS.Tests.Integration", "tests\AgencyOS.Tests.Integration\AgencyOS.Tests.Integration.csproj", "{72A948AE-A948-4E95-ADFF-1AD3046F2B5C}"
EndProject
Project("{FAE04EC0-301F-11D3-BF4B-00C04F79EFBC}") = "AgencyOS.Client", "src\AgencyOS.Client\AgencyOS.Client.csproj", "{AECE90E9-DC93-4DB2-BEB0-8B7334FD02A3}"
EndProject
Project("{F2A71F9B-5D33-465A-A702-920D77279786}") = "AgencyOS.Deals.Rules", "src\AgencyOS.Deals.Rules\AgencyOS.Deals.Rules.fsproj", "{B7780FEE-76CA-4441-BD1D-3047A435737B}"
EndProject
Project("{F2A71F9B-5D33-465A-A702-920D77279786}") = "AgencyOS.Finance.Rules", "src\AgencyOS.Finance.Rules\AgencyOS.Finance.Rules.fsproj", "{45A3B3FA-2F3C-41A0-8516-C998452E0D10}"
EndProject
Project("{FAE04EC0-301F-11D3-BF4B-00C04F79EFBC}") = "AgencyOS.Windows.Platform", "src\AgencyOS.Windows.Platform\AgencyOS.Windows.Platform.csproj", "{BE7CFD12-EDA9-4767-9981-4EB720FC0AA2}"
EndProject
Project("{FAE04EC0-301F-11D3-BF4B-00C04F79EFBC}") = "AgencyOS.Tests.Windows", "tests\AgencyOS.Tests.Windows\AgencyOS.Tests.Windows.csproj", "{9EE746BB-13BD-4ABF-BE53-85E266AC3896}"
EndProject
Global
	GlobalSection(SolutionConfigurationPlatforms) = preSolution
		Debug|Any CPU = Debug|Any CPU
		Debug|x64 = Debug|x64
		Debug|x86 = Debug|x86
		Release|Any CPU = Release|Any CPU
		Release|x64 = Release|x64
		Release|x86 = Release|x86
	EndGlobalSection
	GlobalSection(ProjectConfigurationPlatforms) = postSolution
		{30F9C420-FB4D-4FE6-8ED2-470542F78F7E}.Debug|Any CPU.ActiveCfg = Debug|Any CPU
		{30F9C420-FB4D-4FE6-8ED2-470542F78F7E}.Debug|Any CPU.Build.0 = Debug|Any CPU
		{30F9C420-FB4D-4FE6-8ED2-470542F78F7E}.Debug|x64.ActiveCfg = Debug|Any CPU
		{30F9C420-FB4D-4FE6-8ED2-470542F78F7E}.Debug|x64.Build.0 = Debug|Any CPU
		{30F9C420-FB4D-4FE6-8ED2-470542F78F7E}.Debug|x86.ActiveCfg = Debug|Any CPU
		{30F9C420-FB4D-4FE6-8ED2-470542F78F7E}.Debug|x86.Build.0 = Debug|Any CPU
		{30F9C420-FB4D-4FE6-8ED2-470542F78F7E}.Release|Any CPU.ActiveCfg = Release|Any CPU
		{30F9C420-FB4D-4FE6-8ED2-470542F78F7E}.Release|Any CPU.Build.0 = Release|Any CPU
		{30F9C420-FB4D-4FE6-8ED2-470542F78F7E}.Release|x64.ActiveCfg = Release|Any CPU
		{30F9C420-FB4D-4FE6-8ED2-470542F78F7E}.Release|x64.Build.0 = Release|Any CPU
		{30F9C420-FB4D-4FE6-8ED2-470542F78F7E}.Release|x86.ActiveCfg = Release|Any CPU
		{30F9C420-FB4D-4FE6-8ED2-470542F78F7E}.Release|x86.Build.0 = Release|Any CPU
		{7C78C3EB-FC66-4AF9-B7F7-ACA10C740918}.Debug|Any CPU.ActiveCfg = Debug|Any CPU
		{7C78C3EB-FC66-4AF9-B7F7-ACA10C740918}.Debug|Any CPU.Build.0 = Debug|Any CPU
		{7C78C3EB-FC66-4AF9-B7F7-ACA10C740918}.Debug|x64.ActiveCfg = Debug|Any CPU
		{7C78C3EB-FC66-4AF9-B7F7-ACA10C740918}.Debug|x64.Build.0 = Debug|Any CPU
		{7C78C3EB-FC66-4AF9-B7F7-ACA10C740918}.Debug|x86.ActiveCfg = Debug|Any CPU
		{7C78C3EB-FC66-4AF9-B7F7-ACA10C740918}.Debug|x86.Build.0 = Debug|Any CPU
		{7C78C3EB-FC66-4AF9-B7F7-ACA10C740918}.Release|Any CPU.ActiveCfg = Release|Any CPU
		{7C78C3EB-FC66-4AF9-B7F7-ACA10C740918}.Release|Any CPU.Build.0 = Release|Any CPU
		{7C78C3EB-FC66-4AF9-B7F7-ACA10C740918}.Release|x64.ActiveCfg = Release|Any CPU
		{7C78C3EB-FC66-4AF9-B7F7-ACA10C740918}.Release|x64.Build.0 = Release|Any CPU
		{7C78C3EB-FC66-4AF9-B7F7-ACA10C740918}.Release|x86.ActiveCfg = Release|Any CPU
		{7C78C3EB-FC66-4AF9-B7F7-ACA10C740918}.Release|x86.Build.0 = Release|Any CPU
		{A31E3D4A-0521-471A-B981-4150C41AD8BD}.Debug|Any CPU.ActiveCfg = Debug|Any CPU
		{A31E3D4A-0521-471A-B981-4150C41AD8BD}.Debug|Any CPU.Build.0 = Debug|Any CPU
		{A31E3D4A-0521-471A-B981-4150C41AD8BD}.Debug|x64.ActiveCfg = Debug|Any CPU
		{A31E3D4A-0521-471A-B981-4150C41AD8BD}.Debug|x64.Build.0 = Debug|Any CPU
		{A31E3D4A-0521-471A-B981-4150C41AD8BD}.Debug|x86.ActiveCfg = Debug|Any CPU
		{A31E3D4A-0521-471A-B981-4150C41AD8BD}.Debug|x86.Build.0 = Debug|Any CPU
		{A31E3D4A-0521-471A-B981-4150C41AD8BD}.Release|Any CPU.ActiveCfg = Release|Any CPU
		{A31E3D4A-0521-471A-B981-4150C41AD8BD}.Release|Any CPU.Build.0 = Release|Any CPU
		{A31E3D4A-0521-471A-B981-4150C41AD8BD}.Release|x64.ActiveCfg = Release|Any CPU
		{A31E3D4A-0521-471A-B981-4150C41AD8BD}.Release|x64.Build.0 = Release|Any CPU
		{A31E3D4A-0521-471A-B981-4150C41AD8BD}.Release|x86.ActiveCfg = Release|Any CPU
		{A31E3D4A-0521-471A-B981-4150C41AD8BD}.Release|x86.Build.0 = Release|Any CPU
		{58232D89-7F0E-4490-883F-B428B459A321}.Debug|Any CPU.ActiveCfg = Debug|Any CPU
		{58232D89-7F0E-4490-883F-B428B459A321}.Debug|Any CPU.Build.0 = Debug|Any CPU
		{58232D89-7F0E-4490-883F-B428B459A321}.Debug|x64.ActiveCfg = Debug|Any CPU
		{58232D89-7F0E-4490-883F-B428B459A321}.Debug|x64.Build.0 = Debug|Any CPU
		{58232D89-7F0E-4490-883F-B428B459A321}.Debug|x86.ActiveCfg = Debug|Any CPU
		{58232D89-7F0E-4490-883F-B428B459A321}.Debug|x86.Build.0 = Debug|Any CPU
		{58232D89-7F0E-4490-883F-B428B459A321}.Release|Any CPU.ActiveCfg = Release|Any CPU
		{58232D89-7F0E-4490-883F-B428B459A321}.Release|Any CPU.Build.0 = Release|Any CPU
		{58232D89-7F0E-4490-883F-B428B459A321}.Release|x64.ActiveCfg = Release|Any CPU
		{58232D89-7F0E-4490-883F-B428B459A321}.Release|x64.Build.0 = Release|Any CPU
		{58232D89-7F0E-4490-883F-B428B459A321}.Release|x86.ActiveCfg = Release|Any CPU
		{58232D89-7F0E-4490-883F-B428B459A321}.Release|x86.Build.0 = Release|Any CPU
		{9C68CCA2-BAFE-4C2C-94D5-B68967A0A09C}.Debug|Any CPU.ActiveCfg = Debug|Any CPU
		{9C68CCA2-BAFE-4C2C-94D5-B68967A0A09C}.Debug|Any CPU.Build.0 = Debug|Any CPU
		{9C68CCA2-BAFE-4C2C-94D5-B68967A0A09C}.Debug|x64.ActiveCfg = Debug|Any CPU
		{9C68CCA2-BAFE-4C2C-94D5-B68967A0A09C}.Debug|x64.Build.0 = Debug|Any CPU
		{9C68CCA2-BAFE-4C2C-94D5-B68967A0A09C}.Debug|x86.ActiveCfg = Debug|Any CPU
		{9C68CCA2-BAFE-4C2C-94D5-B68967A0A09C}.Debug|x86.Build.0 = Debug|Any CPU
		{9C68CCA2-BAFE-4C2C-94D5-B68967A0A09C}.Release|Any CPU.ActiveCfg = Release|Any CPU
		{9C68CCA2-BAFE-4C2C-94D5-B68967A0A09C}.Release|Any CPU.Build.0 = Release|Any CPU
		{9C68CCA2-BAFE-4C2C-94D5-B68967A0A09C}.Release|x64.ActiveCfg = Release|Any CPU
		{9C68CCA2-BAFE-4C2C-94D5-B68967A0A09C}.Release|x64.Build.0 = Release|Any CPU
		{9C68CCA2-BAFE-4C2C-94D5-B68967A0A09C}.Release|x86.ActiveCfg = Release|Any CPU
		{9C68CCA2-BAFE-4C2C-94D5-B68967A0A09C}.Release|x86.Build.0 = Release|Any CPU
		{F9D87242-2B8E-4D79-99DB-01178620C926}.Debug|Any CPU.ActiveCfg = Debug|Any CPU
		{F9D87242-2B8E-4D79-99DB-01178620C926}.Debug|Any CPU.Build.0 = Debug|Any CPU
		{F9D87242-2B8E-4D79-99DB-01178620C926}.Debug|x64.ActiveCfg = Debug|Any CPU
		{F9D87242-2B8E-4D79-99DB-01178620C926}.Debug|x64.Build.0 = Debug|Any CPU
		{F9D87242-2B8E-4D79-99DB-01178620C926}.Debug|x86.ActiveCfg = Debug|Any CPU
		{F9D87242-2B8E-4D79-99DB-01178620C926}.Debug|x86.Build.0 = Debug|Any CPU
		{F9D87242-2B8E-4D79-99DB-01178620C926}.Release|Any CPU.ActiveCfg = Release|Any CPU
		{F9D87242-2B8E-4D79-99DB-01178620C926}.Release|Any CPU.Build.0 = Release|Any CPU
		{F9D87242-2B8E-4D79-99DB-01178620C926}.Release|x64.ActiveCfg = Release|Any CPU
		{F9D87242-2B8E-4D79-99DB-01178620C926}.Release|x64.Build.0 = Release|Any CPU
		{F9D87242-2B8E-4D79-99DB-01178620C926}.Release|x86.ActiveCfg = Release|Any CPU
		{F9D87242-2B8E-4D79-99DB-01178620C926}.Release|x86.Build.0 = Release|Any CPU
		{0E07377F-4D3C-4DFF-B4F8-E58A0DB2EE3F}.Debug|Any CPU.ActiveCfg = Debug|Any CPU
		{0E07377F-4D3C-4DFF-B4F8-E58A0DB2EE3F}.Debug|Any CPU.Build.0 = Debug|Any CPU
		{0E07377F-4D3C-4DFF-B4F8-E58A0DB2EE3F}.Debug|x64.ActiveCfg = Debug|Any CPU
		{0E07377F-4D3C-4DFF-B4F8-E58A0DB2EE3F}.Debug|x64.Build.0 = Debug|Any CPU
		{0E07377F-4D3C-4DFF-B4F8-E58A0DB2EE3F}.Debug|x86.ActiveCfg = Debug|Any CPU
		{0E07377F-4D3C-4DFF-B4F8-E58A0DB2EE3F}.Debug|x86.Build.0 = Debug|Any CPU
		{0E07377F-4D3C-4DFF-B4F8-E58A0DB2EE3F}.Release|Any CPU.ActiveCfg = Release|Any CPU
		{0E07377F-4D3C-4DFF-B4F8-E58A0DB2EE3F}.Release|Any CPU.Build.0 = Release|Any CPU
		{0E07377F-4D3C-4DFF-B4F8-E58A0DB2EE3F}.Release|x64.ActiveCfg = Release|Any CPU
		{0E07377F-4D3C-4DFF-B4F8-E58A0DB2EE3F}.Release|x64.Build.0 = Release|Any CPU
		{0E07377F-4D3C-4DFF-B4F8-E58A0DB2EE3F}.Release|x86.ActiveCfg = Release|Any CPU
		{0E07377F-4D3C-4DFF-B4F8-E58A0DB2EE3F}.Release|x86.Build.0 = Release|Any CPU
		{72A948AE-A948-4E95-ADFF-1AD3046F2B5C}.Debug|Any CPU.ActiveCfg = Debug|Any CPU
		{72A948AE-A948-4E95-ADFF-1AD3046F2B5C}.Debug|Any CPU.Build.0 = Debug|Any CPU
		{72A948AE-A948-4E95-ADFF-1AD3046F2B5C}.Debug|x64.ActiveCfg = Debug|Any CPU
		{72A948AE-A948-4E95-ADFF-1AD3046F2B5C}.Debug|x64.Build.0 = Debug|Any CPU
		{72A948AE-A948-4E95-ADFF-1AD3046F2B5C}.Debug|x86.ActiveCfg = Debug|Any CPU
		{72A948AE-A948-4E95-ADFF-1AD3046F2B5C}.Debug|x86.Build.0 = Debug|Any CPU
		{72A948AE-A948-4E95-ADFF-1AD3046F2B5C}.Release|Any CPU.ActiveCfg = Release|Any CPU
		{72A948AE-A948-4E95-ADFF-1AD3046F2B5C}.Release|Any CPU.Build.0 = Release|Any CPU
		{72A948AE-A948-4E95-ADFF-1AD3046F2B5C}.Release|x64.ActiveCfg = Release|Any CPU
		{72A948AE-A948-4E95-ADFF-1AD3046F2B5C}.Release|x64.Build.0 = Release|Any CPU
		{72A948AE-A948-4E95-ADFF-1AD3046F2B5C}.Release|x86.ActiveCfg = Release|Any CPU
		{72A948AE-A948-4E95-ADFF-1AD3046F2B5C}.Release|x86.Build.0 = Release|Any CPU
		{AECE90E9-DC93-4DB2-BEB0-8B7334FD02A3}.Debug|Any CPU.ActiveCfg = Debug|Any CPU
		{AECE90E9-DC93-4DB2-BEB0-8B7334FD02A3}.Debug|Any CPU.Build.0 = Debug|Any CPU
		{AECE90E9-DC93-4DB2-BEB0-8B7334FD02A3}.Debug|x64.ActiveCfg = Debug|Any CPU
		{AECE90E9-DC93-4DB2-BEB0-8B7334FD02A3}.Debug|x64.Build.0 = Debug|Any CPU
		{AECE90E9-DC93-4DB2-BEB0-8B7334FD02A3}.Debug|x86.ActiveCfg = Debug|Any CPU
		{AECE90E9-DC93-4DB2-BEB0-8B7334FD02A3}.Debug|x86.Build.0 = Debug|Any CPU
		{AECE90E9-DC93-4DB2-BEB0-8B7334FD02A3}.Release|Any CPU.ActiveCfg = Release|Any CPU
		{AECE90E9-DC93-4DB2-BEB0-8B7334FD02A3}.Release|Any CPU.Build.0 = Release|Any CPU
		{AECE90E9-DC93-4DB2-BEB0-8B7334FD02A3}.Release|x64.ActiveCfg = Release|Any CPU
		{AECE90E9-DC93-4DB2-BEB0-8B7334FD02A3}.Release|x64.Build.0 = Release|Any CPU
		{AECE90E9-DC93-4DB2-BEB0-8B7334FD02A3}.Release|x86.ActiveCfg = Release|Any CPU
		{AECE90E9-DC93-4DB2-BEB0-8B7334FD02A3}.Release|x86.Build.0 = Release|Any CPU
		{B7780FEE-76CA-4441-BD1D-3047A435737B}.Debug|Any CPU.ActiveCfg = Debug|Any CPU
		{B7780FEE-76CA-4441-BD1D-3047A435737B}.Debug|Any CPU.Build.0 = Debug|Any CPU
		{B7780FEE-76CA-4441-BD1D-3047A435737B}.Debug|x64.ActiveCfg = Debug|Any CPU
		{B7780FEE-76CA-4441-BD1D-3047A435737B}.Debug|x64.Build.0 = Debug|Any CPU
		{B7780FEE-76CA-4441-BD1D-3047A435737B}.Debug|x86.ActiveCfg = Debug|Any CPU
		{B7780FEE-76CA-4441-BD1D-3047A435737B}.Debug|x86.Build.0 = Debug|Any CPU
		{B7780FEE-76CA-4441-BD1D-3047A435737B}.Release|Any CPU.ActiveCfg = Release|Any CPU
		{B7780FEE-76CA-4441-BD1D-3047A435737B}.Release|Any CPU.Build.0 = Release|Any CPU
		{B7780FEE-76CA-4441-BD1D-3047A435737B}.Release|x64.ActiveCfg = Release|Any CPU
		{B7780FEE-76CA-4441-BD1D-3047A435737B}.Release|x64.Build.0 = Release|Any CPU
		{B7780FEE-76CA-4441-BD1D-3047A435737B}.Release|x86.ActiveCfg = Release|Any CPU
		{B7780FEE-76CA-4441-BD1D-3047A435737B}.Release|x86.Build.0 = Release|Any CPU
		{45A3B3FA-2F3C-41A0-8516-C998452E0D10}.Debug|Any CPU.ActiveCfg = Debug|Any CPU
		{45A3B3FA-2F3C-41A0-8516-C998452E0D10}.Debug|Any CPU.Build.0 = Debug|Any CPU
		{45A3B3FA-2F3C-41A0-8516-C998452E0D10}.Debug|x64.ActiveCfg = Debug|Any CPU
		{45A3B3FA-2F3C-41A0-8516-C998452E0D10}.Debug|x64.Build.0 = Debug|Any CPU
		{45A3B3FA-2F3C-41A0-8516-C998452E0D10}.Debug|x86.ActiveCfg = Debug|Any CPU
		{45A3B3FA-2F3C-41A0-8516-C998452E0D10}.Debug|x86.Build.0 = Debug|Any CPU
		{45A3B3FA-2F3C-41A0-8516-C998452E0D10}.Release|Any CPU.ActiveCfg = Release|Any CPU
		{45A3B3FA-2F3C-41A0-8516-C998452E0D10}.Release|Any CPU.Build.0 = Release|Any CPU
		{45A3B3FA-2F3C-41A0-8516-C998452E0D10}.Release|x64.ActiveCfg = Release|Any CPU
		{45A3B3FA-2F3C-41A0-8516-C998452E0D10}.Release|x64.Build.0 = Release|Any CPU
		{45A3B3FA-2F3C-41A0-8516-C998452E0D10}.Release|x86.ActiveCfg = Release|Any CPU
		{45A3B3FA-2F3C-41A0-8516-C998452E0D10}.Release|x86.Build.0 = Release|Any CPU
		{BE7CFD12-EDA9-4767-9981-4EB720FC0AA2}.Debug|Any CPU.ActiveCfg = Debug|Any CPU
		{BE7CFD12-EDA9-4767-9981-4EB720FC0AA2}.Debug|Any CPU.Build.0 = Debug|Any CPU
		{BE7CFD12-EDA9-4767-9981-4EB720FC0AA2}.Debug|x64.ActiveCfg = Debug|Any CPU
		{BE7CFD12-EDA9-4767-9981-4EB720FC0AA2}.Debug|x64.Build.0 = Debug|Any CPU
		{BE7CFD12-EDA9-4767-9981-4EB720FC0AA2}.Debug|x86.ActiveCfg = Debug|Any CPU
		{BE7CFD12-EDA9-4767-9981-4EB720FC0AA2}.Debug|x86.Build.0 = Debug|Any CPU
		{BE7CFD12-EDA9-4767-9981-4EB720FC0AA2}.Release|Any CPU.ActiveCfg = Release|Any CPU
		{BE7CFD12-EDA9-4767-9981-4EB720FC0AA2}.Release|Any CPU.Build.0 = Release|Any CPU
		{BE7CFD12-EDA9-4767-9981-4EB720FC0AA2}.Release|x64.ActiveCfg = Release|Any CPU
		{BE7CFD12-EDA9-4767-9981-4EB720FC0AA2}.Release|x64.Build.0 = Release|Any CPU
		{BE7CFD12-EDA9-4767-9981-4EB720FC0AA2}.Release|x86.ActiveCfg = Release|Any CPU
		{BE7CFD12-EDA9-4767-9981-4EB720FC0AA2}.Release|x86.Build.0 = Release|Any CPU
		{9EE746BB-13BD-4ABF-BE53-85E266AC3896}.Debug|Any CPU.ActiveCfg = Debug|Any CPU
		{9EE746BB-13BD-4ABF-BE53-85E266AC3896}.Debug|Any CPU.Build.0 = Debug|Any CPU
		{9EE746BB-13BD-4ABF-BE53-85E266AC3896}.Debug|x64.ActiveCfg = Debug|Any CPU
		{9EE746BB-13BD-4ABF-BE53-85E266AC3896}.Debug|x64.Build.0 = Debug|Any CPU
		{9EE746BB-13BD-4ABF-BE53-85E266AC3896}.Debug|x86.ActiveCfg = Debug|Any CPU
		{9EE746BB-13BD-4ABF-BE53-85E266AC3896}.Debug|x86.Build.0 = Debug|Any CPU
		{9EE746BB-13BD-4ABF-BE53-85E266AC3896}.Release|Any CPU.ActiveCfg = Release|Any CPU
		{9EE746BB-13BD-4ABF-BE53-85E266AC3896}.Release|Any CPU.Build.0 = Release|Any CPU
		{9EE746BB-13BD-4ABF-BE53-85E266AC3896}.Release|x64.ActiveCfg = Release|Any CPU
		{9EE746BB-13BD-4ABF-BE53-85E266AC3896}.Release|x64.Build.0 = Release|Any CPU
		{9EE746BB-13BD-4ABF-BE53-85E266AC3896}.Release|x86.ActiveCfg = Release|Any CPU
		{9EE746BB-13BD-4ABF-BE53-85E266AC3896}.Release|x86.Build.0 = Release|Any CPU
	EndGlobalSection
	GlobalSection(SolutionProperties) = preSolution
		HideSolutionNode = FALSE
	EndGlobalSection
	GlobalSection(NestedProjects) = preSolution
		{30F9C420-FB4D-4FE6-8ED2-470542F78F7E} = {827E0CD3-B72D-47B6-A68D-7590B98EB39B}
		{7C78C3EB-FC66-4AF9-B7F7-ACA10C740918} = {827E0CD3-B72D-47B6-A68D-7590B98EB39B}
		{A31E3D4A-0521-471A-B981-4150C41AD8BD} = {827E0CD3-B72D-47B6-A68D-7590B98EB39B}
		{58232D89-7F0E-4490-883F-B428B459A321} = {827E0CD3-B72D-47B6-A68D-7590B98EB39B}
		{9C68CCA2-BAFE-4C2C-94D5-B68967A0A09C} = {827E0CD3-B72D-47B6-A68D-7590B98EB39B}
		{F9D87242-2B8E-4D79-99DB-01178620C926} = {827E0CD3-B72D-47B6-A68D-7590B98EB39B}
		{0E07377F-4D3C-4DFF-B4F8-E58A0DB2EE3F} = {0AB3BF05-4346-4AA6-1389-037BE0695223}
		{72A948AE-A948-4E95-ADFF-1AD3046F2B5C} = {0AB3BF05-4346-4AA6-1389-037BE0695223}
		{AECE90E9-DC93-4DB2-BEB0-8B7334FD02A3} = {827E0CD3-B72D-47B6-A68D-7590B98EB39B}
		{B7780FEE-76CA-4441-BD1D-3047A435737B} = {827E0CD3-B72D-47B6-A68D-7590B98EB39B}
		{45A3B3FA-2F3C-41A0-8516-C998452E0D10} = {827E0CD3-B72D-47B6-A68D-7590B98EB39B}
		{BE7CFD12-EDA9-4767-9981-4EB720FC0AA2} = {827E0CD3-B72D-47B6-A68D-7590B98EB39B}
		{9EE746BB-13BD-4ABF-BE53-85E266AC3896} = {0AB3BF05-4346-4AA6-1389-037BE0695223}
	EndGlobalSection
EndGlobal
